
Microsoft Visual Studio Solution File, Format Version 12.00
# Visual Studio Version 17
VisualStudioVersion = 17.10.35013.160
MinimumVisualStudioVersion = 10.0.40219.1
Project("{2150E333-8FDC-42A3-9474-1A3956D46DE8}") = "Business", "Business", "{5A3C185E-80CC-417D-A3B4-80A7BE9BED07}"
EndProject
Project("{FAE04EC0-301F-11D3-BF4B-00C04F79EFBC}") = "GUI", "GUI\GUI.csproj", "{3D101808-980A-423A-B876-794381EE2B23}"
EndProject
Project("{FAE04EC0-301F-11D3-BF4B-00C04F79EFBC}") = "BLL", "BLL\BLL.csproj", "{AADD28CC-81FC-407B-A7CD-22FD8C3F2F61}"
EndProject
Project("{2150E333-8FDC-42A3-9474-1A3956D46DE8}") = "Framework", "Framework", "{98F94CC1-24D2-4054-B1D1-1DA4BA16C56C}"
EndProject
Project("{FAE04EC0-301F-11D3-BF4B-00C04F79EFBC}") = "Framework.DAL", "Framework.DAL\Framework.DAL.csproj", "{2D6CE7A8-FBF5-415D-A218-61ED0EE3F282}"
EndProject
Project("{FAE04EC0-301F-11D3-BF4B-00C04F79EFBC}") = "Framework.Services.Security", "Framework.Services.Security\Framework.Services.Security.csproj", "{23201B2B-011F-490D-9C87-260EF39E9540}"
EndProject
Project("{FAE04EC0-301F-11D3-BF4B-00C04F79EFBC}") = "Framework.Interfaces", "Framework.Interfaces\Framework.Interfaces.csproj", "{596EC40A-5802-446C-A2AD-D07AAF4A1B17}"
EndProject
Project("{FAE04EC0-301F-11D3-BF4B-00C04F79EFBC}") = "Framework.Services.Localization", "Framework.Services.Localization\Framework.Services.Localization.csproj", "{62985759-B4DC-4220-8E32-D7AEBF73AE17}"
EndProject
Global
	GlobalSection(SolutionConfigurationPlatforms) = preSolution
		Debug|Any CPU = Debug|Any CPU
		Release|Any CPU = Release|Any CPU
	EndGlobalSection
	GlobalSection(ProjectConfigurationPlatforms) = postSolution
		{3D101808-980A-423A-B876-794381EE2B23}.Debug|Any CPU.ActiveCfg = Debug|Any CPU
		{3D101808-980A-423A-B876-794381EE2B23}.Debug|Any CPU.Build.0 = Debug|Any CPU
		{3D101808-980A-423A-B876-794381EE2B23}.Release|Any CPU.ActiveCfg = Release|Any CPU
		{3D101808-980A-423A-B876-794381EE2B23}.Release|Any CPU.Build.0 = Release|Any CPU
		{AADD28CC-81FC-407B-A7CD-22FD8C3F2F61}.Debug|Any CPU.ActiveCfg = Debug|Any CPU
		{AADD28CC-81FC-407B-A7CD-22FD8C3F2F61}.Debug|Any CPU.Build.0 = Debug|Any CPU
		{AADD28CC-81FC-407B-A7CD-22FD8C3F2F61}.Release|Any CPU.ActiveCfg = Release|Any CPU
		{AADD28CC-81FC-407B-A7CD-22FD8C3F2F61}.Release|Any CPU.Build.0 = Release|Any CPU
		{2D6CE7A8-FBF5-415D-A218-61ED0EE3F282}.Debug|Any CPU.ActiveCfg = Debug|Any CPU
		{2D6CE7A8-FBF5-415D-A218-61ED0EE3F282}.Debug|Any CPU.Build.0 = Debug|Any CPU
		{2D6CE7A8-FBF5-415D-A218-61ED0EE3F282}.Release|Any CPU.ActiveCfg = Release|Any CPU
		{2D6CE7A8-FBF5-415D-A218-61ED0EE3F282}.Release|Any CPU.Build.0 = Release|Any CPU
		{23201B2B-011F-490D-9C87-260EF39E9540}.Debug|Any CPU.ActiveCfg = Debug|Any CPU
		{23201B2B-011F-490D-9C87-260EF39E9540}.Debug|Any CPU.Build.0 = Debug|Any CPU
		{23201B2B-011F-490D-9C87-260EF39E9540}.Release|Any CPU.ActiveCfg = Release|Any CPU
		{23201B2B-011F-490D-9C87-260EF39E9540}.Release|Any CPU.Build.0 = Release|Any CPU
		{596EC40A-5802-446C-A2AD-D07AAF4A1B17}.Debug|Any CPU.ActiveCfg = Debug|Any CPU
		{596EC40A-5802-446C-A2AD-D07AAF4A1B17}.Debug|Any CPU.Build.0 = Debug|Any CPU
		{596EC40A-5802-446C-A2AD-D07AAF4A1B17}.Release|Any CPU.ActiveCfg = Release|Any CPU
		{596EC40A-5802-446C-A2AD-D07AAF4A1B17}.Release|Any CPU.Build.0 = Release|Any CPU
		{62985759-B4DC-4220-8E32-D7AEBF73AE17}.Debug|Any CPU.ActiveCfg = Debug|Any CPU
		{62985759-B4DC-4220-8E32-D7AEBF73AE17}.Debug|Any CPU.Build.0 = Debug|Any CPU
		{62985759-B4DC-4220-8E32-D7AEBF73AE17}.Release|Any CPU.ActiveCfg = Release|Any CPU
		{62985759-B4DC-4220-8E32-D7AEBF73AE17}.Release|Any CPU.Build.0 = Release|Any CPU
	EndGlobalSection
	GlobalSection(SolutionProperties) = preSolution
		HideSolutionNode = FALSE
	EndGlobalSection
	GlobalSection(NestedProjects) = preSolution
		{3D101808-980A-423A-B876-794381EE2B23} = {5A3C185E-80CC-417D-A3B4-80A7BE9BED07}
		{AADD28CC-81FC-407B-A7CD-22FD8C3F2F61} = {5A3C185E-80CC-417D-A3B4-80A7BE9BED07}
		{2D6CE7A8-FBF5-415D-A218-61ED0EE3F282} = {98F94CC1-24D2-4054-B1D1-1DA4BA16C56C}
		{23201B2B-011F-490D-9C87-260EF39E9540} = {98F94CC1-24D2-4054-B1D1-1DA4BA16C56C}
		{596EC40A-5802-446C-A2AD-D07AAF4A1B17} = {98F94CC1-24D2-4054-B1D1-1DA4BA16C56C}
		{62985759-B4DC-4220-8E32-D7AEBF73AE17} = {98F94CC1-24D2-4054-B1D1-1DA4BA16C56C}
	EndGlobalSection
	GlobalSection(ExtensibilityGlobals) = postSolution
		SolutionGuid = {DAF937E4-6155-4AA0-BB29-BEE0609FB005}
	EndGlobalSection
EndGlobal
